
Microsoft Visual Studio Solution File, Format Version 12.00
# Visual Studio Version 16
VisualStudioVersion = 16.0.29123.88
MinimumVisualStudioVersion = 10.0.40219.1
Project("{9A19103F-16F7-4668-BE54-9A1E7A4F7556}") = "DatingApp.Api", "DatingApp.Api\DatingApp.Api.csproj", "{3EE17D31-8E11-49E5-8798-5419E15055E0}"
EndProject
Project("{9A19103F-16F7-4668-BE54-9A1E7A4F7556}") = "DatingApp.Repositories", "DatingApp.Repositories\DatingApp.Repositories.csproj", "{5CC5D0EA-407B-4728-A640-C2ED7700EDAD}"
EndProject
Project("{9A19103F-16F7-4668-BE54-9A1E7A4F7556}") = "DatingApp.Services", "DatingApp.Services\DatingApp.Services.csproj", "{F4F9E776-B16F-4ADC-AD78-012033E3221B}"
EndProject
Project("{9A19103F-16F7-4668-BE54-9A1E7A4F7556}") = "DatingApp.Domain", "DatingApp.Domain\DatingApp.Domain.csproj", "{1A22F5EE-B6D5-41EF-9827-FA684167222F}"
EndProject
Project("{9A19103F-16F7-4668-BE54-9A1E7A4F7556}") = "DatingApp.Database", "DatingApp.Database\DatingApp.Database.csproj", "{121D131B-F849-487B-A311-E669D3A99302}"
EndProject
Project("{FAE04EC0-301F-11D3-BF4B-00C04F79EFBC}") = "DatingApp.Exceptions", "DatingApp.Exceptions\DatingApp.Exceptions.csproj", "{5C9F5AFC-A9FC-4F33-A8CE-EF7C8D70C597}"
EndProject
Project("{FAE04EC0-301F-11D3-BF4B-00C04F79EFBC}") = "DatingApp.Injections", "DatingApp.Injections\DatingApp.Injections.csproj", "{8E4155F3-E8A0-4FB1-9532-4A45524B9827}"
EndProject
Project("{FAE04EC0-301F-11D3-BF4B-00C04F79EFBC}") = "DatingApp.Mappers", "DatingApp.Mappers\DatingApp.Mappers.csproj", "{B1C154C1-BF3E-43EF-8F90-BE7F5BFB6130}"
EndProject
Global
	GlobalSection(SolutionConfigurationPlatforms) = preSolution
		Debug|Any CPU = Debug|Any CPU
		Release|Any CPU = Release|Any CPU
	EndGlobalSection
	GlobalSection(ProjectConfigurationPlatforms) = postSolution
		{3EE17D31-8E11-49E5-8798-5419E15055E0}.Debug|Any CPU.ActiveCfg = Debug|Any CPU
		{3EE17D31-8E11-49E5-8798-5419E15055E0}.Debug|Any CPU.Build.0 = Debug|Any CPU
		{3EE17D31-8E11-49E5-8798-5419E15055E0}.Release|Any CPU.ActiveCfg = Release|Any CPU
		{3EE17D31-8E11-49E5-8798-5419E15055E0}.Release|Any CPU.Build.0 = Release|Any CPU
		{5CC5D0EA-407B-4728-A640-C2ED7700EDAD}.Debug|Any CPU.ActiveCfg = Debug|Any CPU
		{5CC5D0EA-407B-4728-A640-C2ED7700EDAD}.Debug|Any CPU.Build.0 = Debug|Any CPU
		{5CC5D0EA-407B-4728-A640-C2ED7700EDAD}.Release|Any CPU.ActiveCfg = Release|Any CPU
		{5CC5D0EA-407B-4728-A640-C2ED7700EDAD}.Release|Any CPU.Build.0 = Release|Any CPU
		{F4F9E776-B16F-4ADC-AD78-012033E3221B}.Debug|Any CPU.ActiveCfg = Debug|Any CPU
		{F4F9E776-B16F-4ADC-AD78-012033E3221B}.Debug|Any CPU.Build.0 = Debug|Any CPU
		{F4F9E776-B16F-4ADC-AD78-012033E3221B}.Release|Any CPU.ActiveCfg = Release|Any CPU
		{F4F9E776-B16F-4ADC-AD78-012033E3221B}.Release|Any CPU.Build.0 = Release|Any CPU
		{1A22F5EE-B6D5-41EF-9827-FA684167222F}.Debug|Any CPU.ActiveCfg = Debug|Any CPU
		{1A22F5EE-B6D5-41EF-9827-FA684167222F}.Debug|Any CPU.Build.0 = Debug|Any CPU
		{1A22F5EE-B6D5-41EF-9827-FA684167222F}.Release|Any CPU.ActiveCfg = Release|Any CPU
		{1A22F5EE-B6D5-41EF-9827-FA684167222F}.Release|Any CPU.Build.0 = Release|Any CPU
		{121D131B-F849-487B-A311-E669D3A99302}.Debug|Any CPU.ActiveCfg = Debug|Any CPU
		{121D131B-F849-487B-A311-E669D3A99302}.Debug|Any CPU.Build.0 = Debug|Any CPU
		{121D131B-F849-487B-A311-E669D3A99302}.Release|Any CPU.ActiveCfg = Release|Any CPU
		{121D131B-F849-487B-A311-E669D3A99302}.Release|Any CPU.Build.0 = Release|Any CPU
		{5C9F5AFC-A9FC-4F33-A8CE-EF7C8D70C597}.Debug|Any CPU.ActiveCfg = Debug|Any CPU
		{5C9F5AFC-A9FC-4F33-A8CE-EF7C8D70C597}.Debug|Any CPU.Build.0 = Debug|Any CPU
		{5C9F5AFC-A9FC-4F33-A8CE-EF7C8D70C597}.Release|Any CPU.ActiveCfg = Release|Any CPU
		{5C9F5AFC-A9FC-4F33-A8CE-EF7C8D70C597}.Release|Any CPU.Build.0 = Release|Any CPU
		{8E4155F3-E8A0-4FB1-9532-4A45524B9827}.Debug|Any CPU.ActiveCfg = Debug|Any CPU
		{8E4155F3-E8A0-4FB1-9532-4A45524B9827}.Debug|Any CPU.Build.0 = Debug|Any CPU
		{8E4155F3-E8A0-4FB1-9532-4A45524B9827}.Release|Any CPU.ActiveCfg = Release|Any CPU
		{8E4155F3-E8A0-4FB1-9532-4A45524B9827}.Release|Any CPU.Build.0 = Release|Any CPU
		{B1C154C1-BF3E-43EF-8F90-BE7F5BFB6130}.Debug|Any CPU.ActiveCfg = Debug|Any CPU
		{B1C154C1-BF3E-43EF-8F90-BE7F5BFB6130}.Debug|Any CPU.Build.0 = Debug|Any CPU
		{B1C154C1-BF3E-43EF-8F90-BE7F5BFB6130}.Release|Any CPU.ActiveCfg = Release|Any CPU
		{B1C154C1-BF3E-43EF-8F90-BE7F5BFB6130}.Release|Any CPU.Build.0 = Release|Any CPU
	EndGlobalSection
	GlobalSection(SolutionProperties) = preSolution
		HideSolutionNode = FALSE
	EndGlobalSection
	GlobalSection(ExtensibilityGlobals) = postSolution
		SolutionGuid = {D2002804-3806-47B5-BAA8-9F984DC70455}
	EndGlobalSection
EndGlobal
